
Microsoft Visual Studio Solution File, Format Version 12.00
# Visual Studio Version 17
VisualStudioVersion = 17.4.33110.190
MinimumVisualStudioVersion = 10.0.40219.1
Project("{FAE04EC0-301F-11D3-BF4B-00C04F79EFBC}") = "Objectanalys", "Objectanalys\Objectanalys.csproj", "{019C2C8E-DA41-49D0-8C87-650E7D4C2940}"
EndProject
Global
	GlobalSection(SolutionConfigurationPlatforms) = preSolution
		Debug|Any CPU = Debug|Any CPU
		Release|Any CPU = Release|Any CPU
	EndGlobalSection
	GlobalSection(ProjectConfigurationPlatforms) = postSolution
		{019C2C8E-DA41-49D0-8C87-650E7D4C2940}.Debug|Any CPU.ActiveCfg = Debug|Any CPU
		{019C2C8E-DA41-49D0-8C87-650E7D4C2940}.Debug|Any CPU.Build.0 = Debug|Any CPU
		{019C2C8E-DA41-49D0-8C87-650E7D4C2940}.Release|Any CPU.ActiveCfg = Release|Any CPU
		{019C2C8E-DA41-49D0-8C87-650E7D4C2940}.Release|Any CPU.Build.0 = Release|Any CPU
	EndGlobalSection
	GlobalSection(SolutionProperties) = preSolution
		HideSolutionNode = FALSE
	EndGlobalSection
	GlobalSection(ExtensibilityGlobals) = postSolution
		SolutionGuid = {6521CA86-34C9-4F81-8EE1-43FDDACC7A9D}
	EndGlobalSection
EndGlobal
